
Microsoft Visual Studio Solution File, Format Version 12.00
# Visual Studio 15
VisualStudioVersion = 15.0.27004.2005
MinimumVisualStudioVersion = 10.0.40219.1
Project("{FAE04EC0-301F-11D3-BF4B-00C04F79EFBC}") = "HPlusSportsAPITwo_Gt", "HPlusSportsAPITwo_Gt\HPlusSportsAPITwo_Gt.csproj", "{29E057B4-F876-4F43-AF9E-2A08D817703D}"
EndProject
Global
	GlobalSection(SolutionConfigurationPlatforms) = preSolution
		Debug|Any CPU = Debug|Any CPU
		Release|Any CPU = Release|Any CPU
	EndGlobalSection
	GlobalSection(ProjectConfigurationPlatforms) = postSolution
		{29E057B4-F876-4F43-AF9E-2A08D817703D}.Debug|Any CPU.ActiveCfg = Debug|Any CPU
		{29E057B4-F876-4F43-AF9E-2A08D817703D}.Debug|Any CPU.Build.0 = Debug|Any CPU
		{29E057B4-F876-4F43-AF9E-2A08D817703D}.Release|Any CPU.ActiveCfg = Release|Any CPU
		{29E057B4-F876-4F43-AF9E-2A08D817703D}.Release|Any CPU.Build.0 = Release|Any CPU
	EndGlobalSection
	GlobalSection(SolutionProperties) = preSolution
		HideSolutionNode = FALSE
	EndGlobalSection
	GlobalSection(ExtensibilityGlobals) = postSolution
		SolutionGuid = {9085298D-D183-4592-99C5-1188AE9A7330}
	EndGlobalSection
EndGlobal
